# Generated by move; do not edit
# This file should be checked in.

[move]
version = 3
manifest_digest = "4C795FD7E7585A03D1326F0922B3D116466692588C9705620A6275440C967CA2"
deps_digest = "3C4103934B1E040BB6B23F1D610B4EF9F2F1166A50A104EADCF77467C004C600"
dependencies = [
  { id = "Sui", name = "Sui" },
  { id = "token", name = "token" },
]

[[move.package]]
id = "MoveStdlib"
source = { git = "https://github.com/MystenLabs/sui.git", rev = "framework/testnet", subdir = "crates\\sui-framework\\packages\\move-stdlib" }

[[move.package]]
id = "Sui"
source = { git = "https://github.com/MystenLabs/sui.git", rev = "framework/testnet", subdir = "crates/sui-framework/packages/sui-framework" }

dependencies = [
  { id = "MoveStdlib", name = "MoveStdlib" },
]

[pinned.testnet.MoveStdlib]
source = { git = "https://github.com/MystenLabs/sui.git", subdir = 'crates\sui-framework\packages\move-stdlib', rev = "d4a0c80be6020093592b305853832e7b80c5e2f2" }
use_environment = "testnet"
manifest_digest = "C4FE4C91DE74CBF223B2E380AE40F592177D21870DC2D7EB6227D2D694E05363"
deps = {}

[[move.package]]
id = "token"
source = { local = "..\\token" }

dependencies = [
  { id = "Sui", name = "Sui" },
]

[move.toolchain-version]
compiler-version = "1.62.0"
edition = "2024.beta"
flavor = "sui"

[pinned.testnet.Sui]
source = { git = "https://github.com/MystenLabs/sui.git", subdir = 'crates\sui-framework\packages\sui-framework', rev = "d4a0c80be6020093592b305853832e7b80c5e2f2" }
use_environment = "testnet"
manifest_digest = "7AFB66695545775FBFBB2D3078ADFD084244D5002392E837FDE21D9EA1C6D01C"
deps = { MoveStdlib = "MoveStdlib" }

[pinned.testnet.suilife]
source = { root = true }
use_environment = "testnet"
manifest_digest = "F835443BCF56952DCF715079D732726690BAED54A70A33768EC773A895941D5F"
deps = { Sui = "Sui", token = "token" }

[pinned.testnet.token]
source = { local = '..\token' }
use_environment = "testnet"
manifest_digest = "0532D72C4F42A4472D331C54E2F8FB1595A305815D58568D26C6F8A4AC9BBFCE"
deps = { Sui = "Sui" }

[env]

[env.testnet]
chain-id = "4c78adac"
original-published-id = "0x3743b6e4b471ec0c878c3e9a243e3c97392ed0824402dd27f6084fd2ae558bc1"
latest-published-id = "0x3743b6e4b471ec0c878c3e9a243e3c97392ed0824402dd27f6084fd2ae558bc1"
published-version = "1"
